lockfileVersion: '6.0'

importers:

  .: {}

  packages/scripts: {}

  packages/usage1:
    dependencies:
      '@scope/scripts':
        specifier: workspace:^
        version: link:../scripts

  packages/usage2:
    dependencies:
      '@scope/scripts':
        specifier: workspace:^
        version: link:../scripts
